
Microsoft Visual Studio Solution File, Format Version 12.00
# Visual Studio Version 17
VisualStudioVersion = 17.14.36408.4 d17.14
MinimumVisualStudioVersion = 10.0.40219.1
Project("{8BC9CEB8-8B4A-11D0-8D11-00A0C91BC942}") = "Chapter4", "Chapter4\Chapter4.vcxproj", "{AE4C6C50-D821-4ACF-81E4-7432FD9B5A26}"
EndProject
Global
	GlobalSection(SolutionConfigurationPlatforms) = preSolution
		Debug|x64 = Debug|x64
		Debug|x86 = Debug|x86
		Release|x64 = Release|x64
		Release|x86 = Release|x86
	EndGlobalSection
	GlobalSection(ProjectConfigurationPlatforms) = postSolution
		{AE4C6C50-D821-4ACF-81E4-7432FD9B5A26}.Debug|x64.ActiveCfg = Debug|x64
		{AE4C6C50-D821-4ACF-81E4-7432FD9B5A26}.Debug|x64.Build.0 = Debug|x64
		{AE4C6C50-D821-4ACF-81E4-7432FD9B5A26}.Debug|x86.ActiveCfg = Debug|Win32
		{AE4C6C50-D821-4ACF-81E4-7432FD9B5A26}.Debug|x86.Build.0 = Debug|Win32
		{AE4C6C50-D821-4ACF-81E4-7432FD9B5A26}.Release|x64.ActiveCfg = Release|x64
		{AE4C6C50-D821-4ACF-81E4-7432FD9B5A26}.Release|x64.Build.0 = Release|x64
		{AE4C6C50-D821-4ACF-81E4-7432FD9B5A26}.Release|x86.ActiveCfg = Release|Win32
		{AE4C6C50-D821-4ACF-81E4-7432FD9B5A26}.Release|x86.Build.0 = Release|Win32
	EndGlobalSection
	GlobalSection(SolutionProperties) = preSolution
		HideSolutionNode = FALSE
	EndGlobalSection
	GlobalSection(ExtensibilityGlobals) = postSolution
		SolutionGuid = {0C80A81E-8274-485C-9D25-4AED3FF0C9B4}
	EndGlobalSection
EndGlobal
